{
    "_readme": [
        "This file locks the dependencies of your project to a known state",
        "Read more about it at https://getcomposer.org/doc/01-basic-usage.md#installing-dependencies",
        "This file is @generated automatically"
    ],
    "content-hash": "a9aebe3c5b04a8a0f4a570951e62b880",
    "packages": [
        {
            "name": "biblys/isbn",
            "version": "3.2.30",
            "source": {
                "type": "git",
                "url": "https://github.com/biblys/isbn.git",
                "reference": "60523d9ddae489ccfce35d605588d13510ee74fd"
            },
            "dist": {
                "type": "zip",
                "url": "https://api.github.com/repos/biblys/isbn/zipball/60523d9ddae489ccfce35d605588d13510ee74fd",
                "reference": "60523d9ddae489ccfce35d605588d13510ee74fd",
                "shasum": ""
            },
            "require": {
                "php": "^7.2 || ^8.0"
            },
            "require-dev": {
                "ext-json": "*",
                "ext-simplexml": "*",
                "guzzlehttp/guzzle": "^7.0",
                "phpunit/phpunit": "^6 || ^7 || ^8 || ^11 || ^12"
            },
            "type": "library",
            "autoload": {
                "psr-0": {
                    "Biblys": "src/"
                }
            },
            "notification-url": "https://packagist.org/downloads/",
            "license": [
                "MIT"
            ],
            "authors": [
                {
                    "name": "Clement Latzarus",
                    "email": "hello@clemlatz.dev"
                }
            ],
            "description": "A PHP library to convert and validate ISBNs",
            "homepage": "https://github.com/biblys/isbn",
            "keywords": [
                "ISBN",
                "book",
                "ean",
                "gtin"
            ],
            "support": {
                "issues": "https://github.com/biblys/isbn/issues",
                "source": "https://github.com/biblys/isbn/tree/3.2.30"
            },
            "funding": [
                {
                    "url": "https://liberapay.com/clemlatz",
                    "type": "liberapay"
                }
            ],
            "time": "2022-11-26T00:00:00+00:00"
        },
        {
            "name": "patrickschur/language-detection",
            "version": "v5.3.1",
            "source": {
                "type": "git",
                "url": "https://github.com/patrickschur/language-detection.git",
                "reference": "df8d32021b2ef9fde52e6fcccb83e3806822c9c6"
            },
            "dist": {
                "type": "zip",
                "url": "https://api.github.com/repos/patrickschur/language-detection/zipball/df8d32021b2ef9fde52e6fcccb83e3806822c9c6",
                "reference": "df8d32021b2ef9fde52e6fcccb83e3806822c9c6",
                "shasum": ""
            },
            "require": {
                "ext-json": "*",
                "ext-mbstring": "*",
                "php": "^7.4 || ^8.0"
            },
            "require-dev": {
                "phpunit/phpunit": "^9.5.0"
            },
            "type": "library",
            "autoload": {
                "psr-4": {
                    "LanguageDetection\\": "src/LanguageDetection"
                }
            },
            "notification-url": "https://packagist.org/downloads/",
            "license": [
                "MIT"
            ],
            "authors": [
                {
                    "name": "Patrick Schur",
                    "email": "patrick_schur@outlook.de"
                }
            ],
            "description": "A language detection library for PHP. Detects the language from a given text string.",
            "homepage": "https://github.com/patrickschur/language-detection",
            "keywords": [
                "detect",
                "detection",
                "language"
            ],
            "support": {
                "issues": "https://github.com/patrickschur/language-detection/issues",
                "source": "https://github.com/patrickschur/language-detection/tree/v5.3.1"
            },
            "time": "2025-03-25T22:47:08+00:00"
        }
    ],
    "packages-dev": [],
    "aliases": [],
    "minimum-stability": "stable",
    "stability-flags": {},
    "prefer-stable": false,
    "prefer-lowest": false,
    "platform": {
        "ext-mbstring": "*"
    },
    "platform-dev": {},
    "plugin-api-version": "2.6.0"
}
