{
    "_readme": [
        "This file locks the dependencies of your project to a known state",
        "Read more about it at https://getcomposer.org/doc/01-basic-usage.md#installing-dependencies",
        "This file is @generated automatically"
    ],
    "content-hash": "b7889b749fae8bdb485bee29027b2f06",
    "packages": [
        {
            "name": "biblys/isbn",
            "version": "3.2.11",
            "source": {
                "type": "git",
                "url": "https://github.com/biblys/isbn.git",
                "reference": "11107d157b56e3adb04fd4ddc4742e6107affc1a"
            },
            "dist": {
                "type": "zip",
                "url": "https://api.github.com/repos/biblys/isbn/zipball/11107d157b56e3adb04fd4ddc4742e6107affc1a",
                "reference": "11107d157b56e3adb04fd4ddc4742e6107affc1a",
                "shasum": ""
            },
            "require": {
                "php": "^7.2 || ^8.0"
            },
            "require-dev": {
                "ext-json": "*",
                "ext-simplexml": "*",
                "guzzlehttp/guzzle": "^7.0",
                "phpunit/phpunit": "^6 || ^7 || ^8 || ^11"
            },
            "type": "library",
            "autoload": {
                "psr-0": {
                    "Biblys": "src/"
                }
            },
            "notification-url": "https://packagist.org/downloads/",
            "license": [
                "MIT"
            ],
            "authors": [
                {
                    "name": "Clement Latzarus",
                    "email": "hello@clemlatz.dev"
                }
            ],
            "description": "A PHP library to convert and validate ISBNs",
            "homepage": "https://github.com/biblys/isbn",
            "keywords": [
                "ISBN",
                "book",
                "ean",
                "gtin"
            ],
            "support": {
                "issues": "https://github.com/biblys/isbn/issues",
                "source": "https://github.com/biblys/isbn/tree/3.2.11"
            },
            "funding": [
                {
                    "url": "https://liberapay.com/clemlatz",
                    "type": "liberapay"
                }
            ],
            "time": "2022-11-26T00:00:00+00:00"
        },
        {
            "name": "patrickschur/language-detection",
            "version": "v5.3.0",
            "source": {
                "type": "git",
                "url": "https://github.com/patrickschur/language-detection.git",
                "reference": "b8da335336c09fa6814fe0ca0d6d506c357cd7b9"
            },
            "dist": {
                "type": "zip",
                "url": "https://api.github.com/repos/patrickschur/language-detection/zipball/b8da335336c09fa6814fe0ca0d6d506c357cd7b9",
                "reference": "b8da335336c09fa6814fe0ca0d6d506c357cd7b9",
                "shasum": ""
            },
            "require": {
                "ext-json": "*",
                "ext-mbstring": "*",
                "php": "^7.4 || ^8.0"
            },
            "require-dev": {
                "phpunit/phpunit": "^9.5.0"
            },
            "type": "library",
            "autoload": {
                "psr-4": {
                    "LanguageDetection\\": "src/LanguageDetection"
                }
            },
            "notification-url": "https://packagist.org/downloads/",
            "license": [
                "MIT"
            ],
            "authors": [
                {
                    "name": "Patrick Schur",
                    "email": "patrick_schur@outlook.de"
                }
            ],
            "description": "A language detection library for PHP. Detects the language from a given text string.",
            "homepage": "https://github.com/patrickschur/language-detection",
            "keywords": [
                "detect",
                "detection",
                "language"
            ],
            "support": {
                "issues": "https://github.com/patrickschur/language-detection/issues",
                "source": "https://github.com/patrickschur/language-detection/tree/v5.3.0"
            },
            "time": "2023-08-18T22:46:39+00:00"
        }
    ],
    "packages-dev": [],
    "aliases": [],
    "minimum-stability": "stable",
    "stability-flags": {},
    "prefer-stable": false,
    "prefer-lowest": false,
    "platform": {
        "php": "^8.2",
        "ext-mbstring": "*"
    },
    "platform-dev": {},
    "plugin-api-version": "2.6.0"
}
